
Microsoft Visual Studio Solution File, Format Version 12.00
# Visual Studio Version 16
VisualStudioVersion = 16.0.29503.13
MinimumVisualStudioVersion = 10.0.40219.1
Project("{FAE04EC0-301F-11D3-BF4B-00C04F79EFBC}") = "Задание 2", "Задание 2\Задание 2.csproj", "{58B440D4-B4C3-4D42-BC33-E9A85DA04CCC}"
EndProject
Global
	GlobalSection(SolutionConfigurationPlatforms) = preSolution
		Debug|Any CPU = Debug|Any CPU
		Release|Any CPU = Release|Any CPU
	EndGlobalSection
	GlobalSection(ProjectConfigurationPlatforms) = postSolution
		{58B440D4-B4C3-4D42-BC33-E9A85DA04CCC}.Debug|Any CPU.ActiveCfg = Debug|Any CPU
		{58B440D4-B4C3-4D42-BC33-E9A85DA04CCC}.Debug|Any CPU.Build.0 = Debug|Any CPU
		{58B440D4-B4C3-4D42-BC33-E9A85DA04CCC}.Release|Any CPU.ActiveCfg = Release|Any CPU
		{58B440D4-B4C3-4D42-BC33-E9A85DA04CCC}.Release|Any CPU.Build.0 = Release|Any CPU
	EndGlobalSection
	GlobalSection(SolutionProperties) = preSolution
		HideSolutionNode = FALSE
	EndGlobalSection
	GlobalSection(ExtensibilityGlobals) = postSolution
		SolutionGuid = {966058F1-4C30-4A40-831F-A5D3441F6EB1}
	EndGlobalSection
EndGlobal
