
Microsoft Visual Studio Solution File, Format Version 12.00
# Visual Studio Version 16
VisualStudioVersion = 16.0.29503.13
MinimumVisualStudioVersion = 10.0.40219.1
Project("{FAE04EC0-301F-11D3-BF4B-00C04F79EFBC}") = "Задание 3", "Задание 3\Задание 3.csproj", "{B123D1F2-5F32-4CED-B8ED-CDEDBC0C0A9B}"
EndProject
Global
	GlobalSection(SolutionConfigurationPlatforms) = preSolution
		Debug|Any CPU = Debug|Any CPU
		Release|Any CPU = Release|Any CPU
	EndGlobalSection
	GlobalSection(ProjectConfigurationPlatforms) = postSolution
		{B123D1F2-5F32-4CED-B8ED-CDEDBC0C0A9B}.Debug|Any CPU.ActiveCfg = Debug|Any CPU
		{B123D1F2-5F32-4CED-B8ED-CDEDBC0C0A9B}.Debug|Any CPU.Build.0 = Debug|Any CPU
		{B123D1F2-5F32-4CED-B8ED-CDEDBC0C0A9B}.Release|Any CPU.ActiveCfg = Release|Any CPU
		{B123D1F2-5F32-4CED-B8ED-CDEDBC0C0A9B}.Release|Any CPU.Build.0 = Release|Any CPU
	EndGlobalSection
	GlobalSection(SolutionProperties) = preSolution
		HideSolutionNode = FALSE
	EndGlobalSection
	GlobalSection(ExtensibilityGlobals) = postSolution
		SolutionGuid = {A6D3A6F6-9A3E-4181-B7F2-826C95256BFF}
	EndGlobalSection
EndGlobal
