
Microsoft Visual Studio Solution File, Format Version 12.00
# Visual Studio Version 16
VisualStudioVersion = 16.0.29418.71
MinimumVisualStudioVersion = 10.0.40219.1
Project("{FAE04EC0-301F-11D3-BF4B-00C04F79EFBC}") = "задание 4", "задание 4\задание 4.csproj", "{D4263EFF-4D78-4BF1-9AAF-CE1F0575B753}"
EndProject
Global
	GlobalSection(SolutionConfigurationPlatforms) = preSolution
		Debug|Any CPU = Debug|Any CPU
		Release|Any CPU = Release|Any CPU
	EndGlobalSection
	GlobalSection(ProjectConfigurationPlatforms) = postSolution
		{D4263EFF-4D78-4BF1-9AAF-CE1F0575B753}.Debug|Any CPU.ActiveCfg = Debug|Any CPU
		{D4263EFF-4D78-4BF1-9AAF-CE1F0575B753}.Debug|Any CPU.Build.0 = Debug|Any CPU
		{D4263EFF-4D78-4BF1-9AAF-CE1F0575B753}.Release|Any CPU.ActiveCfg = Release|Any CPU
		{D4263EFF-4D78-4BF1-9AAF-CE1F0575B753}.Release|Any CPU.Build.0 = Release|Any CPU
	EndGlobalSection
	GlobalSection(SolutionProperties) = preSolution
		HideSolutionNode = FALSE
	EndGlobalSection
	GlobalSection(ExtensibilityGlobals) = postSolution
		SolutionGuid = {4FAB8950-A14F-4D0F-BACC-B585C114C665}
	EndGlobalSection
EndGlobal
