
Microsoft Visual Studio Solution File, Format Version 12.00
# Visual Studio 15
Project("{FAE04EC0-301F-11D3-BF4B-00C04F79EFBC}") = "LogisticManagerWorkspace", "LogisticManagerWorkspace\LogisticManagerWorkspace.csproj", "{6BD07E03-BFE1-4BC6-AA8A-2EDD02E99A3A}"
EndProject
Global
	GlobalSection(SolutionConfigurationPlatforms) = preSolution
		Debug|Any CPU = Debug|Any CPU
		Release|Any CPU = Release|Any CPU
	EndGlobalSection
	GlobalSection(ProjectConfigurationPlatforms) = postSolution
		{6BD07E03-BFE1-4BC6-AA8A-2EDD02E99A3A}.Debug|Any CPU.ActiveCfg = Debug|Any CPU
		{6BD07E03-BFE1-4BC6-AA8A-2EDD02E99A3A}.Debug|Any CPU.Build.0 = Debug|Any CPU
		{6BD07E03-BFE1-4BC6-AA8A-2EDD02E99A3A}.Release|Any CPU.ActiveCfg = Release|Any CPU
		{6BD07E03-BFE1-4BC6-AA8A-2EDD02E99A3A}.Release|Any CPU.Build.0 = Release|Any CPU
	EndGlobalSection
EndGlobal
